
Microsoft Visual Studio Solution File, Format Version 12.00
# Visual Studio Version 16
VisualStudioVersion = 16.0.31702.278
MinimumVisualStudioVersion = 10.0.40219.1
Project("{FAE04EC0-301F-11D3-BF4B-00C04F79EFBC}") = "consoleAutomotora", "consoleAutomotora\consoleAutomotora.csproj", "{8578DBA9-FDB1-4334-A119-25609477F6B2}"
EndProject
Project("{FAE04EC0-301F-11D3-BF4B-00C04F79EFBC}") = "productosLibrary", "productosLibrary\productosLibrary.csproj", "{12ADCD28-150E-441D-AB5C-A2814CDC6C5E}"
EndProject
Project("{FAE04EC0-301F-11D3-BF4B-00C04F79EFBC}") = "clientesLibrary", "clientesLibrary\clientesLibrary.csproj", "{9443D88A-C30D-4854-BB25-3B5B5806925F}"
EndProject
Global
	GlobalSection(SolutionConfigurationPlatforms) = preSolution
		Debug|Any CPU = Debug|Any CPU
		Release|Any CPU = Release|Any CPU
	EndGlobalSection
	GlobalSection(ProjectConfigurationPlatforms) = postSolution
		{8578DBA9-FDB1-4334-A119-25609477F6B2}.Debug|Any CPU.ActiveCfg = Debug|Any CPU
		{8578DBA9-FDB1-4334-A119-25609477F6B2}.Debug|Any CPU.Build.0 = Debug|Any CPU
		{8578DBA9-FDB1-4334-A119-25609477F6B2}.Release|Any CPU.ActiveCfg = Release|Any CPU
		{8578DBA9-FDB1-4334-A119-25609477F6B2}.Release|Any CPU.Build.0 = Release|Any CPU
		{12ADCD28-150E-441D-AB5C-A2814CDC6C5E}.Debug|Any CPU.ActiveCfg = Debug|Any CPU
		{12ADCD28-150E-441D-AB5C-A2814CDC6C5E}.Debug|Any CPU.Build.0 = Debug|Any CPU
		{12ADCD28-150E-441D-AB5C-A2814CDC6C5E}.Release|Any CPU.ActiveCfg = Release|Any CPU
		{12ADCD28-150E-441D-AB5C-A2814CDC6C5E}.Release|Any CPU.Build.0 = Release|Any CPU
		{9443D88A-C30D-4854-BB25-3B5B5806925F}.Debug|Any CPU.ActiveCfg = Debug|Any CPU
		{9443D88A-C30D-4854-BB25-3B5B5806925F}.Debug|Any CPU.Build.0 = Debug|Any CPU
		{9443D88A-C30D-4854-BB25-3B5B5806925F}.Release|Any CPU.ActiveCfg = Release|Any CPU
		{9443D88A-C30D-4854-BB25-3B5B5806925F}.Release|Any CPU.Build.0 = Release|Any CPU
	EndGlobalSection
	GlobalSection(SolutionProperties) = preSolution
		HideSolutionNode = FALSE
	EndGlobalSection
	GlobalSection(ExtensibilityGlobals) = postSolution
		SolutionGuid = {3757093B-D085-45FA-A030-8E2A70E74D9C}
	EndGlobalSection
EndGlobal
